
Microsoft Visual Studio Solution File, Format Version 12.00
# Visual Studio Version 16
VisualStudioVersion = 16.0.31515.178
MinimumVisualStudioVersion = 10.0.40219.1
Project("{FAE04EC0-301F-11D3-BF4B-00C04F79EFBC}") = "Assignment", "Assignment\Assignment.csproj", "{A9C2913E-3F8E-4245-8D1C-255A9C2895D7}"
EndProject
Global
	GlobalSection(SolutionConfigurationPlatforms) = preSolution
		Debug|Any CPU = Debug|Any CPU
		Release|Any CPU = Release|Any CPU
	EndGlobalSection
	GlobalSection(ProjectConfigurationPlatforms) = postSolution
		{A9C2913E-3F8E-4245-8D1C-255A9C2895D7}.Debug|Any CPU.ActiveCfg = Debug|Any CPU
		{A9C2913E-3F8E-4245-8D1C-255A9C2895D7}.Debug|Any CPU.Build.0 = Debug|Any CPU
		{A9C2913E-3F8E-4245-8D1C-255A9C2895D7}.Release|Any CPU.ActiveCfg = Release|Any CPU
		{A9C2913E-3F8E-4245-8D1C-255A9C2895D7}.Release|Any CPU.Build.0 = Release|Any CPU
	EndGlobalSection
	GlobalSection(SolutionProperties) = preSolution
		HideSolutionNode = FALSE
	EndGlobalSection
	GlobalSection(ExtensibilityGlobals) = postSolution
		SolutionGuid = {B041E60B-D7BF-44D1-BDF6-A51AA582EC99}
	EndGlobalSection
EndGlobal
