
Microsoft Visual Studio Solution File, Format Version 12.00
# Visual Studio Version 16
VisualStudioVersion = 16.0.31515.178
MinimumVisualStudioVersion = 10.0.40219.1
Project("{FAE04EC0-301F-11D3-BF4B-00C04F79EFBC}") = "HandleResource", "HandleResource\HandleResource.csproj", "{0E47BE1A-B0D1-4E55-8D9E-A4C130A0495F}"
EndProject
Global
	GlobalSection(SolutionConfigurationPlatforms) = preSolution
		Debug|Any CPU = Debug|Any CPU
		Release|Any CPU = Release|Any CPU
	EndGlobalSection
	GlobalSection(ProjectConfigurationPlatforms) = postSolution
		{0E47BE1A-B0D1-4E55-8D9E-A4C130A0495F}.Debug|Any CPU.ActiveCfg = Debug|Any CPU
		{0E47BE1A-B0D1-4E55-8D9E-A4C130A0495F}.Debug|Any CPU.Build.0 = Debug|Any CPU
		{0E47BE1A-B0D1-4E55-8D9E-A4C130A0495F}.Release|Any CPU.ActiveCfg = Release|Any CPU
		{0E47BE1A-B0D1-4E55-8D9E-A4C130A0495F}.Release|Any CPU.Build.0 = Release|Any CPU
	EndGlobalSection
	GlobalSection(SolutionProperties) = preSolution
		HideSolutionNode = FALSE
	EndGlobalSection
	GlobalSection(ExtensibilityGlobals) = postSolution
		SolutionGuid = {910B6ABF-0885-4A93-BC4B-0676F11EEE23}
	EndGlobalSection
EndGlobal
