
Microsoft Visual Studio Solution File, Format Version 12.00
# Visual Studio Version 16
VisualStudioVersion = 16.0.31515.178
MinimumVisualStudioVersion = 10.0.40219.1
Project("{FAE04EC0-301F-11D3-BF4B-00C04F79EFBC}") = "Demo_Assign2", "Demo_Assign2\Demo_Assign2.csproj", "{83BCC03F-4C51-4725-99A8-06E4A27EB2E3}"
EndProject
Global
	GlobalSection(SolutionConfigurationPlatforms) = preSolution
		Debug|Any CPU = Debug|Any CPU
		Release|Any CPU = Release|Any CPU
	EndGlobalSection
	GlobalSection(ProjectConfigurationPlatforms) = postSolution
		{83BCC03F-4C51-4725-99A8-06E4A27EB2E3}.Debug|Any CPU.ActiveCfg = Debug|Any CPU
		{83BCC03F-4C51-4725-99A8-06E4A27EB2E3}.Debug|Any CPU.Build.0 = Debug|Any CPU
		{83BCC03F-4C51-4725-99A8-06E4A27EB2E3}.Release|Any CPU.ActiveCfg = Release|Any CPU
		{83BCC03F-4C51-4725-99A8-06E4A27EB2E3}.Release|Any CPU.Build.0 = Release|Any CPU
	EndGlobalSection
	GlobalSection(SolutionProperties) = preSolution
		HideSolutionNode = FALSE
	EndGlobalSection
	GlobalSection(ExtensibilityGlobals) = postSolution
		SolutionGuid = {911B8F96-CC86-47A3-A31F-166F3F204E77}
	EndGlobalSection
EndGlobal
