
Microsoft Visual Studio Solution File, Format Version 12.00
# Visual Studio Version 16
VisualStudioVersion = 16.0.31515.178
MinimumVisualStudioVersion = 10.0.40219.1
Project("{FAE04EC0-301F-11D3-BF4B-00C04F79EFBC}") = "Team3_Keywords", "Team3_Keywords\Team3_Keywords.csproj", "{0A0226E8-A87A-461B-90D9-8B83A5D2045D}"
EndProject
Global
	GlobalSection(SolutionConfigurationPlatforms) = preSolution
		Debug|Any CPU = Debug|Any CPU
		Release|Any CPU = Release|Any CPU
	EndGlobalSection
	GlobalSection(ProjectConfigurationPlatforms) = postSolution
		{0A0226E8-A87A-461B-90D9-8B83A5D2045D}.Debug|Any CPU.ActiveCfg = Debug|Any CPU
		{0A0226E8-A87A-461B-90D9-8B83A5D2045D}.Debug|Any CPU.Build.0 = Debug|Any CPU
		{0A0226E8-A87A-461B-90D9-8B83A5D2045D}.Release|Any CPU.ActiveCfg = Release|Any CPU
		{0A0226E8-A87A-461B-90D9-8B83A5D2045D}.Release|Any CPU.Build.0 = Release|Any CPU
	EndGlobalSection
	GlobalSection(SolutionProperties) = preSolution
		HideSolutionNode = FALSE
	EndGlobalSection
	GlobalSection(ExtensibilityGlobals) = postSolution
		SolutionGuid = {4EF32F2A-C2B7-4A08-A761-84104E70A304}
	EndGlobalSection
EndGlobal
