
Microsoft Visual Studio Solution File, Format Version 12.00
# Visual Studio Version 16
VisualStudioVersion = 16.0.31507.150
MinimumVisualStudioVersion = 10.0.40219.1
Project("{9A19103F-16F7-4668-BE54-9A1E7A4F7556}") = "WinFormsApp", "WinFormsApp\WinFormsApp.csproj", "{8B7AEA36-BFA2-404A-8B28-1D46EF44A13F}"
EndProject
Project("{FAE04EC0-301F-11D3-BF4B-00C04F79EFBC}") = "Library", "Library\Library.csproj", "{0F321CC8-7953-4EDD-B322-33F9CD93E9B1}"
EndProject
Global
	GlobalSection(SolutionConfigurationPlatforms) = preSolution
		Debug|Any CPU = Debug|Any CPU
		Release|Any CPU = Release|Any CPU
	EndGlobalSection
	GlobalSection(ProjectConfigurationPlatforms) = postSolution
		{8B7AEA36-BFA2-404A-8B28-1D46EF44A13F}.Debug|Any CPU.ActiveCfg = Debug|Any CPU
		{8B7AEA36-BFA2-404A-8B28-1D46EF44A13F}.Debug|Any CPU.Build.0 = Debug|Any CPU
		{8B7AEA36-BFA2-404A-8B28-1D46EF44A13F}.Release|Any CPU.ActiveCfg = Release|Any CPU
		{8B7AEA36-BFA2-404A-8B28-1D46EF44A13F}.Release|Any CPU.Build.0 = Release|Any CPU
		{0F321CC8-7953-4EDD-B322-33F9CD93E9B1}.Debug|Any CPU.ActiveCfg = Debug|Any CPU
		{0F321CC8-7953-4EDD-B322-33F9CD93E9B1}.Debug|Any CPU.Build.0 = Debug|Any CPU
		{0F321CC8-7953-4EDD-B322-33F9CD93E9B1}.Release|Any CPU.ActiveCfg = Release|Any CPU
		{0F321CC8-7953-4EDD-B322-33F9CD93E9B1}.Release|Any CPU.Build.0 = Release|Any CPU
	EndGlobalSection
	GlobalSection(SolutionProperties) = preSolution
		HideSolutionNode = FALSE
	EndGlobalSection
	GlobalSection(ExtensibilityGlobals) = postSolution
		SolutionGuid = {410E1642-A07B-4AB1-8003-E95C259BF943}
	EndGlobalSection
EndGlobal
